// !$*UTF8*$!
{
	archiveVersion = 1;
	classes = {
	};
	objectVersion = 50;
	objects = {

/* Begin PBXBuildFile section */
		D3D1278F26C54E4F004D898D /* AppDelegate.swift in Sources */ = {isa = PBXBuildFile; fileRef = D3D1278E26C54E4F004D898D /* AppDelegate.swift */; };
		D3D1279126C54E4F004D898D /* SceneDelegate.swift in Sources */ = {isa = PBXBuildFile; fileRef = D3D1279026C54E4F004D898D /* SceneDelegate.swift */; };
		D3D1279326C54E4F004D898D /* ViewController.swift in Sources */ = {isa = PBXBuildFile; fileRef = D3D1279226C54E4F004D898D /* ViewController.swift */; };
		D3D1279626C54E4F004D898D /* Main.storyboard in Resources */ = {isa = PBXBuildFile; fileRef = D3D1279426C54E4F004D898D /* Main.storyboard */; };
		D3D1279826C54E53004D898D /* Assets.xcassets in Resources */ = {isa = PBXBuildFile; fileRef = D3D1279726C54E53004D898D /* Assets.xcassets */; };
		D3D1279B26C54E53004D898D /* LaunchScreen.storyboard in Resources */ = {isa = PBXBuildFile; fileRef = D3D1279926C54E53004D898D /* LaunchScreen.storyboard */; };
		D3D127A326C559DB004D898D /* SecondStoryboard.storyboard in Resources */ = {isa = PBXBuildFile; fileRef = D3D127A226C559DA004D898D /* SecondStoryboard.storyboard */; };
		D3D127A526C55A00004D898D /* SecondViewController.swift in Sources */ = {isa = PBXBuildFile; fileRef = D3D127A426C55A00004D898D /* SecondViewController.swift */; };
		D3D127A926C5955D004D898D /* ToViewController.swift in Sources */ = {isa = PBXBuildFile; fileRef = D3D127A826C5955D004D898D /* ToViewController.swift */; };
		D3D127AB26C599E3004D898D /* FourthStoryboard.storyboard in Resources */ = {isa = PBXBuildFile; fileRef = D3D127AA26C599E3004D898D /* FourthStoryboard.storyboard */; };
		D3D127AD26C599FD004D898D /* FourthViewController.swift in Sources */ = {isa = PBXBuildFile; fileRef = D3D127AC26C599FD004D898D /* FourthViewController.swift */; };
		D3D127AF26C657C0004D898D /* FiveViewController.swift in Sources */ = {isa = PBXBuildFile; fileRef = D3D127AE26C657C0004D898D /* FiveViewController.swift */; };
		D3D127B126C657DD004D898D /* FiveStoryboard.storyboard in Resources */ = {isa = PBXBuildFile; fileRef = D3D127B026C657DD004D898D /* FiveStoryboard.storyboard */; };
/* End PBXBuildFile section */

/* Begin PBXFileReference section */
		D3D1278B26C54E4F004D898D /* Lesson8HW.app */ = {isa = PBXFileReference; explicitFileType = wrapper.application; includeInIndex = 0; path = Lesson8HW.app; sourceTree = BUILT_PRODUCTS_DIR; };
		D3D1278E26C54E4F004D898D /* AppDelegate.swift */ = {isa = PBXFileReference; lastKnownFileType = sourcecode.swift; path = AppDelegate.swift; sourceTree = "<group>"; };
		D3D1279026C54E4F004D898D /* SceneDelegate.swift */ = {isa = PBXFileReference; lastKnownFileType = sourcecode.swift; path = SceneDelegate.swift; sourceTree = "<group>"; };
		D3D1279226C54E4F004D898D /* ViewController.swift */ = {isa = PBXFileReference; lastKnownFileType = sourcecode.swift; path = ViewController.swift; sourceTree = "<group>"; };
		D3D1279526C54E4F004D898D /* Base */ = {isa = PBXFileReference; lastKnownFileType = file.storyboard; name = Base; path = Base.lproj/Main.storyboard; sourceTree = "<group>"; };
		D3D1279726C54E53004D898D /* Assets.xcassets */ = {isa = PBXFileReference; lastKnownFileType = folder.assetcatalog; path = Assets.xcassets; sourceTree = "<group>"; };
		D3D1279A26C54E53004D898D /* Base */ = {isa = PBXFileReference; lastKnownFileType = file.storyboard; name = Base; path = Base.lproj/LaunchScreen.storyboard; sourceTree = "<group>"; };
		D3D1279C26C54E53004D898D /* Info.plist */ = {isa = PBXFileReference; lastKnownFileType = text.plist.xml; path = Info.plist; sourceTree = "<group>"; };
		D3D127A226C559DA004D898D /* SecondStoryboard.storyboard */ = {isa = PBXFileReference; lastKnownFileType = file.storyboard; path = SecondStoryboard.storyboard; sourceTree = "<group>"; };
		D3D127A426C55A00004D898D /* SecondViewController.swift */ = {isa = PBXFileReference; lastKnownFileType = sourcecode.swift; path = SecondViewController.swift; sourceTree = "<group>"; };
		D3D127A826C5955D004D898D /* ToViewController.swift */ = {isa = PBXFileReference; lastKnownFileType = sourcecode.swift; path = ToViewController.swift; sourceTree = "<group>"; };
		D3D127AA26C599E3004D898D /* FourthStoryboard.storyboard */ = {isa = PBXFileReference; lastKnownFileType = file.storyboard; path = FourthStoryboard.storyboard; sourceTree = "<group>"; };
		D3D127AC26C599FD004D898D /* FourthViewController.swift */ = {isa = PBXFileReference; lastKnownFileType = sourcecode.swift; path = FourthViewController.swift; sourceTree = "<group>"; };
		D3D127AE26C657C0004D898D /* FiveViewController.swift */ = {isa = PBXFileReference; lastKnownFileType = sourcecode.swift; path = FiveViewController.swift; sourceTree = "<group>"; };
		D3D127B026C657DD004D898D /* FiveStoryboard.storyboard */ = {isa = PBXFileReference; lastKnownFileType = file.storyboard; path = FiveStoryboard.storyboard; sourceTree = "<group>"; };
/* End PBXFileReference section */

/* Begin PBXFrameworksBuildPhase section */
		D3D1278826C54E4F004D898D /* Frameworks */ = {
			isa = PBXFrameworksBuildPhase;
			buildActionMask = 2147483647;
			files = (
			);
			runOnlyForDeploymentPostprocessing = 0;
		};
/* End PBXFrameworksBuildPhase section */

/* Begin PBXGroup section */
		D3D1278226C54E4F004D898D = {
			isa = PBXGroup;
			children = (
				D3D1278D26C54E4F004D898D /* Lesson8HW */,
				D3D1278C26C54E4F004D898D /* Products */,
			);
			sourceTree = "<group>";
		};
		D3D1278C26C54E4F004D898D /* Products */ = {
			isa = PBXGroup;
			children = (
				D3D1278B26C54E4F004D898D /* Lesson8HW.app */,
			);
			name = Products;
			sourceTree = "<group>";
		};
		D3D1278D26C54E4F004D898D /* Lesson8HW */ = {
			isa = PBXGroup;
			children = (
				D3D127A626C55A21004D898D /* Storyboard */,
				D3D127A726C55A62004D898D /* ViewController */,
				D3D1279026C54E4F004D898D /* SceneDelegate.swift */,
				D3D1278E26C54E4F004D898D /* AppDelegate.swift */,
				D3D1279726C54E53004D898D /* Assets.xcassets */,
				D3D1279926C54E53004D898D /* LaunchScreen.storyboard */,
				D3D1279C26C54E53004D898D /* Info.plist */,
			);
			path = Lesson8HW;
			sourceTree = "<group>";
		};
		D3D127A626C55A21004D898D /* Storyboard */ = {
			isa = PBXGroup;
			children = (
				D3D1279426C54E4F004D898D /* Main.storyboard */,
				D3D127A226C559DA004D898D /* SecondStoryboard.storyboard */,
				D3D127AA26C599E3004D898D /* FourthStoryboard.storyboard */,
				D3D127B026C657DD004D898D /* FiveStoryboard.storyboard */,
			);
			path = Storyboard;
			sourceTree = "<group>";
		};
		D3D127A726C55A62004D898D /* ViewController */ = {
			isa = PBXGroup;
			children = (
				D3D1279226C54E4F004D898D /* ViewController.swift */,
				D3D127A426C55A00004D898D /* SecondViewController.swift */,
				D3D127A826C5955D004D898D /* ToViewController.swift */,
				D3D127AC26C599FD004D898D /* FourthViewController.swift */,
				D3D127AE26C657C0004D898D /* FiveViewController.swift */,
			);
			path = ViewController;
			sourceTree = "<group>";
		};
/* End PBXGroup section */

/* Begin PBXNativeTarget section */
		D3D1278A26C54E4F004D898D /* Lesson8HW */ = {
			isa = PBXNativeTarget;
			buildConfigurationList = D3D1279F26C54E53004D898D /* Build configuration list for PBXNativeTarget "Lesson8HW" */;
			buildPhases = (
				D3D1278726C54E4F004D898D /* Sources */,
				D3D1278826C54E4F004D898D /* Frameworks */,
				D3D1278926C54E4F004D898D /* Resources */,
			);
			buildRules = (
			);
			dependencies = (
			);
			name = Lesson8HW;
			productName = Lesson8HW;
			productReference = D3D1278B26C54E4F004D898D /* Lesson8HW.app */;
			productType = "com.apple.product-type.application";
		};
/* End PBXNativeTarget section */

/* Begin PBXProject section */
		D3D1278326C54E4F004D898D /* Project object */ = {
			isa = PBXProject;
			attributes = {
				LastSwiftUpdateCheck = 1250;
				LastUpgradeCheck = 1250;
				TargetAttributes = {
					D3D1278A26C54E4F004D898D = {
						CreatedOnToolsVersion = 12.5.1;
					};
				};
			};
			buildConfigurationList = D3D1278626C54E4F004D898D /* Build configuration list for PBXProject "Lesson8HW" */;
			compatibilityVersion = "Xcode 9.3";
			developmentRegion = en;
			hasScannedForEncodings = 0;
			knownRegions = (
				en,
				Base,
			);
			mainGroup = D3D1278226C54E4F004D898D;
			productRefGroup = D3D1278C26C54E4F004D898D /* Products */;
			projectDirPath = "";
			projectRoot = "";
			targets = (
				D3D1278A26C54E4F004D898D /* Lesson8HW */,
			);
		};
/* End PBXProject section */

/* Begin PBXResourcesBuildPhase section */
		D3D1278926C54E4F004D898D /* Resources */ = {
			isa = PBXResourcesBuildPhase;
			buildActionMask = 2147483647;
			files = (
				D3D127AB26C599E3004D898D /* FourthStoryboard.storyboard in Resources */,
				D3D127B126C657DD004D898D /* FiveStoryboard.storyboard in Resources */,
				D3D1279B26C54E53004D898D /* LaunchScreen.storyboard in Resources */,
				D3D1279826C54E53004D898D /* Assets.xcassets in Resources */,
				D3D1279626C54E4F004D898D /* Main.storyboard in Resources */,
				D3D127A326C559DB004D898D /* SecondStoryboard.storyboard in Resources */,
			);
			runOnlyForDeploymentPostprocessing = 0;
		};
/* End PBXResourcesBuildPhase section */

/* Begin PBXSourcesBuildPhase section */
		D3D1278726C54E4F004D898D /* Sources */ = {
			isa = PBXSourcesBuildPhase;
			buildActionMask = 2147483647;
			files = (
				D3D127AF26C657C0004D898D /* FiveViewController.swift in Sources */,
				D3D127AD26C599FD004D898D /* FourthViewController.swift in Sources */,
				D3D127A526C55A00004D898D /* SecondViewController.swift in Sources */,
				D3D1279326C54E4F004D898D /* ViewController.swift in Sources */,
				D3D1278F26C54E4F004D898D /* AppDelegate.swift in Sources */,
				D3D127A926C5955D004D898D /* ToViewController.swift in Sources */,
				D3D1279126C54E4F004D898D /* SceneDelegate.swift in Sources */,
			);
			runOnlyForDeploymentPostprocessing = 0;
		};
/* End PBXSourcesBuildPhase section */

/* Begin PBXVariantGroup section */
		D3D1279426C54E4F004D898D /* Main.storyboard */ = {
			isa = PBXVariantGroup;
			children = (
				D3D1279526C54E4F004D898D /* Base */,
			);
			name = Main.storyboard;
			sourceTree = "<group>";
		};
		D3D1279926C54E53004D898D /* LaunchScreen.storyboard */ = {
			isa = PBXVariantGroup;
			children = (
				D3D1279A26C54E53004D898D /* Base */,
			);
			name = LaunchScreen.storyboard;
			sourceTree = "<group>";
		};
/* End PBXVariantGroup section */

/* Begin XCBuildConfiguration section */
		D3D1279D26C54E53004D898D /* Debug */ = {
			isa = XCBuildConfiguration;
			buildSettings = {
				ALWAYS_SEARCH_USER_PATHS = NO;
				CLANG_ANALYZER_NONNULL = YES;
				CLANG_ANALYZER_NUMBER_OBJECT_CONVERSION = YES_AGGRESSIVE;
				CLANG_CXX_LANGUAGE_STANDARD = "gnu++14";
				CLANG_CXX_LIBRARY = "libc++";
				CLANG_ENABLE_MODULES = YES;
				CLANG_ENABLE_OBJC_ARC = YES;
				CLANG_ENABLE_OBJC_WEAK = YES;
				CLANG_WARN_BLOCK_CAPTURE_AUTORELEASING = YES;
				CLANG_WARN_BOOL_CONVERSION = YES;
				CLANG_WARN_COMMA = YES;
				CLANG_WARN_CONSTANT_CONVERSION = YES;
				CLANG_WARN_DEPRECATED_OBJC_IMPLEMENTATIONS = YES;
				CLANG_WARN_DIRECT_OBJC_ISA_USAGE = YES_ERROR;
				CLANG_WARN_DOCUMENTATION_COMMENTS = YES;
				CLANG_WARN_EMPTY_BODY = YES;
				CLANG_WARN_ENUM_CONVERSION = YES;
				CLANG_WARN_INFINITE_RECURSION = YES;
				CLANG_WARN_INT_CONVERSION = YES;
				CLANG_WARN_NON_LITERAL_NULL_CONVERSION = YES;
				CLANG_WARN_OBJC_IMPLICIT_RETAIN_SELF = YES;
				CLANG_WARN_OBJC_LITERAL_CONVERSION = YES;
				CLANG_WARN_OBJC_ROOT_CLASS = YES_ERROR;
				CLANG_WARN_QUOTED_INCLUDE_IN_FRAMEWORK_HEADER = YES;
				CLANG_WARN_RANGE_LOOP_ANALYSIS = YES;
				CLANG_WARN_STRICT_PROTOTYPES = YES;
				CLANG_WARN_SUSPICIOUS_MOVE = YES;
				CLANG_WARN_UNGUARDED_AVAILABILITY = YES_AGGRESSIVE;
				CLANG_WARN_UNREACHABLE_CODE = YES;
				CLANG_WARN__DUPLICATE_METHOD_MATCH = YES;
				COPY_PHASE_STRIP = NO;
				DEBUG_INFORMATION_FORMAT = dwarf;
				ENABLE_STRICT_OBJC_MSGSEND = YES;
				ENABLE_TESTABILITY = YES;
				GCC_C_LANGUAGE_STANDARD = gnu11;
				GCC_DYNAMIC_NO_PIC = NO;
				GCC_NO_COMMON_BLOCKS = YES;
				GCC_OPTIMIZATION_LEVEL = 0;
				GCC_PREPROCESSOR_DEFINITIONS = (
					"DEBUG=1",
					"$(inherited)",
				);
				GCC_WARN_64_TO_32_BIT_CONVERSION = YES;
				GCC_WARN_ABOUT_RETURN_TYPE = YES_ERROR;
				GCC_WARN_UNDECLARED_SELECTOR = YES;
				GCC_WARN_UNINITIALIZED_AUTOS = YES_AGGRESSIVE;
				GCC_WARN_UNUSED_FUNCTION = YES;
				GCC_WARN_UNUSED_VARIABLE = YES;
				IPHONEOS_DEPLOYMENT_TARGET = 14.5;
				MTL_ENABLE_DEBUG_INFO = INCLUDE_SOURCE;
				MTL_FAST_MATH = YES;
				ONLY_ACTIVE_ARCH = YES;
				SDKROOT = iphoneos;
				SWIFT_ACTIVE_COMPILATION_CONDITIONS = DEBUG;
				SWIFT_OPTIMIZATION_LEVEL = "-Onone";
			};
			name = Debug;
		};
		D3D1279E26C54E53004D898D /* Release */ = {
			isa = XCBuildConfiguration;
			buildSettings = {
				ALWAYS_SEARCH_USER_PATHS = NO;
				CLANG_ANALYZER_NONNULL = YES;
				CLANG_ANALYZER_NUMBER_OBJECT_CONVERSION = YES_AGGRESSIVE;
				CLANG_CXX_LANGUAGE_STANDARD = "gnu++14";
				CLANG_CXX_LIBRARY = "libc++";
				CLANG_ENABLE_MODULES = YES;
				CLANG_ENABLE_OBJC_ARC = YES;
				CLANG_ENABLE_OBJC_WEAK = YES;
				CLANG_WARN_BLOCK_CAPTURE_AUTORELEASING = YES;
				CLANG_WARN_BOOL_CONVERSION = YES;
				CLANG_WARN_COMMA = YES;
				CLANG_WARN_CONSTANT_CONVERSION = YES;
				CLANG_WARN_DEPRECATED_OBJC_IMPLEMENTATIONS = YES;
				CLANG_WARN_DIRECT_OBJC_ISA_USAGE = YES_ERROR;
				CLANG_WARN_DOCUMENTATION_COMMENTS = YES;
				CLANG_WARN_EMPTY_BODY = YES;
				CLANG_WARN_ENUM_CONVERSION = YES;
				CLANG_WARN_INFINITE_RECURSION = YES;
				CLANG_WARN_INT_CONVERSION = YES;
				CLANG_WARN_NON_LITERAL_NULL_CONVERSION = YES;
				CLANG_WARN_OBJC_IMPLICIT_RETAIN_SELF = YES;
				CLANG_WARN_OBJC_LITERAL_CONVERSION = YES;
				CLANG_WARN_OBJC_ROOT_CLASS = YES_ERROR;
				CLANG_WARN_QUOTED_INCLUDE_IN_FRAMEWORK_HEADER = YES;
				CLANG_WARN_RANGE_LOOP_ANALYSIS = YES;
				CLANG_WARN_STRICT_PROTOTYPES = YES;
				CLANG_WARN_SUSPICIOUS_MOVE = YES;
				CLANG_WARN_UNGUARDED_AVAILABILITY = YES_AGGRESSIVE;
				CLANG_WARN_UNREACHABLE_CODE = YES;
				CLANG_WARN__DUPLICATE_METHOD_MATCH = YES;
				COPY_PHASE_STRIP = NO;
				DEBUG_INFORMATION_FORMAT = "dwarf-with-dsym";
				ENABLE_NS_ASSERTIONS = NO;
				ENABLE_STRICT_OBJC_MSGSEND = YES;
				GCC_C_LANGUAGE_STANDARD = gnu11;
				GCC_NO_COMMON_BLOCKS = YES;
				GCC_WARN_64_TO_32_BIT_CONVERSION = YES;
				GCC_WARN_ABOUT_RETURN_TYPE = YES_ERROR;
				GCC_WARN_UNDECLARED_SELECTOR = YES;
				GCC_WARN_UNINITIALIZED_AUTOS = YES_AGGRESSIVE;
				GCC_WARN_UNUSED_FUNCTION = YES;
				GCC_WARN_UNUSED_VARIABLE = YES;
				IPHONEOS_DEPLOYMENT_TARGET = 14.5;
				MTL_ENABLE_DEBUG_INFO = NO;
				MTL_FAST_MATH = YES;
				SDKROOT = iphoneos;
				SWIFT_COMPILATION_MODE = wholemodule;
				SWIFT_OPTIMIZATION_LEVEL = "-O";
				VALIDATE_PRODUCT = YES;
			};
			name = Release;
		};
		D3D127A026C54E53004D898D /* Debug */ = {
			isa = XCBuildConfiguration;
			buildSettings = {
				ASSETCATALOG_COMPILER_APPICON_NAME = AppIcon;
				ASSETCATALOG_COMPILER_GLOBAL_ACCENT_COLOR_NAME = AccentColor;
				CODE_SIGN_STYLE = Automatic;
				DEVELOPMENT_TEAM = V5F94ZCKQA;
				INFOPLIST_FILE = Lesson8HW/Info.plist;
				LD_RUNPATH_SEARCH_PATHS = (
					"$(inherited)",
					"@executable_path/Frameworks",
				);
				PRODUCT_BUNDLE_IDENTIFIER = by.nzes.Lesson8HW;
				PRODUCT_NAME = "$(TARGET_NAME)";
				SWIFT_VERSION = 5.0;
				TARGETED_DEVICE_FAMILY = "1,2";
			};
			name = Debug;
		};
		D3D127A126C54E53004D898D /* Release */ = {
			isa = XCBuildConfiguration;
			buildSettings = {
				ASSETCATALOG_COMPILER_APPICON_NAME = AppIcon;
				ASSETCATALOG_COMPILER_GLOBAL_ACCENT_COLOR_NAME = AccentColor;
				CODE_SIGN_STYLE = Automatic;
				DEVELOPMENT_TEAM = V5F94ZCKQA;
				INFOPLIST_FILE = Lesson8HW/Info.plist;
				LD_RUNPATH_SEARCH_PATHS = (
					"$(inherited)",
					"@executable_path/Frameworks",
				);
				PRODUCT_BUNDLE_IDENTIFIER = by.nzes.Lesson8HW;
				PRODUCT_NAME = "$(TARGET_NAME)";
				SWIFT_VERSION = 5.0;
				TARGETED_DEVICE_FAMILY = "1,2";
			};
			name = Release;
		};
/* End XCBuildConfiguration section */

/* Begin XCConfigurationList section */
		D3D1278626C54E4F004D898D /* Build configuration list for PBXProject "Lesson8HW" */ = {
			isa = XCConfigurationList;
			buildConfigurations = (
				D3D1279D26C54E53004D898D /* Debug */,
				D3D1279E26C54E53004D898D /* Release */,
			);
			defaultConfigurationIsVisible = 0;
			defaultConfigurationName = Release;
		};
		D3D1279F26C54E53004D898D /* Build configuration list for PBXNativeTarget "Lesson8HW" */ = {
			isa = XCConfigurationList;
			buildConfigurations = (
				D3D127A026C54E53004D898D /* Debug */,
				D3D127A126C54E53004D898D /* Release */,
			);
			defaultConfigurationIsVisible = 0;
			defaultConfigurationName = Release;
		};
/* End XCConfigurationList section */
	};
	rootObject = D3D1278326C54E4F004D898D /* Project object */;
}
